// !$*UTF8*$!
{
	archiveVersion = 1;
	classes = {
	};
	objectVersion = 51;
	objects = {

/* Begin PBXBuildFile section */
		663ABF26C276603F5055D27D /* Pods_DupeTests.framework in Frameworks */ = {isa = PBXBuildFile; fileRef = 59F2A29A9A7E9F3AC78997FB /* Pods_DupeTests.framework */; };
		7737E9261A9AE545973715B7 /* Pods_Dupe_DupeUITests.framework in Frameworks */ = {isa = PBXBuildFile; fileRef = 8A7CAB612720CA83FE65CE98 /* Pods_Dupe_DupeUITests.framework */; };
		A4364AD4247DA13300D7AF78 /* Grid+Animation.swift in Sources */ = {isa = PBXBuildFile; fileRef = A4364AD3247DA13300D7AF78 /* Grid+Animation.swift */; };
		A4364AD6247DA1A000D7AF78 /* GridCell+Animation.swift in Sources */ = {isa = PBXBuildFile; fileRef = A4364AD5247DA1A000D7AF78 /* GridCell+Animation.swift */; };
		A4364ADA247EED7200D7AF78 /* GameViewController+Gameplay.swift in Sources */ = {isa = PBXBuildFile; fileRef = A4364AD9247EED7200D7AF78 /* GameViewController+Gameplay.swift */; };
		A4364ADC2480529200D7AF78 /* UIView+Animation.swift in Sources */ = {isa = PBXBuildFile; fileRef = A4364ADB2480529100D7AF78 /* UIView+Animation.swift */; };
		A4453905261632020000B051 /* GridSize.swift in Sources */ = {isa = PBXBuildFile; fileRef = A4453904261632020000B051 /* GridSize.swift */; };
		A445390A26163A910000B051 /* RubikColor.swift in Sources */ = {isa = PBXBuildFile; fileRef = A445390926163A910000B051 /* RubikColor.swift */; };
		A445390F26163E240000B051 /* Corner.swift in Sources */ = {isa = PBXBuildFile; fileRef = A445390E26163E240000B051 /* Corner.swift */; };
		A453CE3B261854780049A6E2 /* ka1.ttf in Resources */ = {isa = PBXBuildFile; fileRef = A453CE3A261854780049A6E2 /* ka1.ttf */; };
		A453CE40261855790049A6E2 /* PressStart2P-Regular.ttf in Resources */ = {isa = PBXBuildFile; fileRef = A453CE3F261855790049A6E2 /* PressStart2P-Regular.ttf */; };
		A453CE4526186D1A0049A6E2 /* [Grid]+Operations.swift in Sources */ = {isa = PBXBuildFile; fileRef = A453CE4426186D1A0049A6E2 /* [Grid]+Operations.swift */; };
		A453CE4F261871070049A6E2 /* 15.mp3 in Resources */ = {isa = PBXBuildFile; fileRef = A453CE4C261871060049A6E2 /* 15.mp3 */; };
		A453CE50261871070049A6E2 /* 13.mp3 in Resources */ = {isa = PBXBuildFile; fileRef = A453CE4D261871060049A6E2 /* 13.mp3 */; };
		A453CE51261871070049A6E2 /* 14.mp3 in Resources */ = {isa = PBXBuildFile; fileRef = A453CE4E261871070049A6E2 /* 14.mp3 */; };
		A453CE78261906CE0049A6E2 /* UIDevice+Detection.swift in Sources */ = {isa = PBXBuildFile; fileRef = A453CE77261906CE0049A6E2 /* UIDevice+Detection.swift */; };
		A453CE86261B0F5D0049A6E2 /* HighScoresTest.swift in Sources */ = {isa = PBXBuildFile; fileRef = A453CE85261B0F5D0049A6E2 /* HighScoresTest.swift */; };
		A453CE8E261B13660049A6E2 /* UserDefaultsProtocol.swift in Sources */ = {isa = PBXBuildFile; fileRef = A453CE8D261B13660049A6E2 /* UserDefaultsProtocol.swift */; };
		A453CE97261B13FB0049A6E2 /* UserDefaults+UserDefaultsProtocol.swift in Sources */ = {isa = PBXBuildFile; fileRef = A453CE96261B13FB0049A6E2 /* UserDefaults+UserDefaultsProtocol.swift */; };
		A453CEA0261B15DE0049A6E2 /* TestableStorage.swift in Sources */ = {isa = PBXBuildFile; fileRef = A453CE9F261B15DE0049A6E2 /* TestableStorage.swift */; };
		A453CEA8261B1BC70049A6E2 /* Constants.swift in Sources */ = {isa = PBXBuildFile; fileRef = A453CEA7261B1BC70049A6E2 /* Constants.swift */; };
		A453CEAE261B1DB50049A6E2 /* [Int]+OperationsTest.swift in Sources */ = {isa = PBXBuildFile; fileRef = A453CEAD261B1DB50049A6E2 /* [Int]+OperationsTest.swift */; };
		A4943F8A260BD7B2001D3C0C /* NSLayoutConstraint+Detection.swift in Sources */ = {isa = PBXBuildFile; fileRef = A4943F89260BD7B2001D3C0C /* NSLayoutConstraint+Detection.swift */; };
		A4943F8F260BD7C3001D3C0C /* [NSLayoutConstraint]+Detection.swift in Sources */ = {isa = PBXBuildFile; fileRef = A4943F8E260BD7C3001D3C0C /* [NSLayoutConstraint]+Detection.swift */; };
		A4943FA4260BE6CF001D3C0C /* UIView+Utilities.swift in Sources */ = {isa = PBXBuildFile; fileRef = A4943FA3260BE6CF001D3C0C /* UIView+Utilities.swift */; };
		A49B97132474556D007BF29A /* AppDelegate.swift in Sources */ = {isa = PBXBuildFile; fileRef = A49B97122474556D007BF29A /* AppDelegate.swift */; };
		A49B97152474556D007BF29A /* SceneDelegate.swift in Sources */ = {isa = PBXBuildFile; fileRef = A49B97142474556D007BF29A /* SceneDelegate.swift */; };
		A49B971A2474556D007BF29A /* Main.storyboard in Resources */ = {isa = PBXBuildFile; fileRef = A49B97182474556D007BF29A /* Main.storyboard */; };
		A49B971C24745570007BF29A /* Assets.xcassets in Resources */ = {isa = PBXBuildFile; fileRef = A49B971B24745570007BF29A /* Assets.xcassets */; };
		A49B971F24745570007BF29A /* LaunchScreen.storyboard in Resources */ = {isa = PBXBuildFile; fileRef = A49B971D24745570007BF29A /* LaunchScreen.storyboard */; };
		A49B972A24745571007BF29A /* DupeTests.swift in Sources */ = {isa = PBXBuildFile; fileRef = A49B972924745571007BF29A /* DupeTests.swift */; };
		A49B973524745571007BF29A /* DupeUITests.swift in Sources */ = {isa = PBXBuildFile; fileRef = A49B973424745571007BF29A /* DupeUITests.swift */; };
		A49B974624745BA1007BF29A /* GameViewController.swift in Sources */ = {isa = PBXBuildFile; fileRef = A49B974424745BA1007BF29A /* GameViewController.swift */; };
		A49B974724745BA1007BF29A /* GameViewController.xib in Resources */ = {isa = PBXBuildFile; fileRef = A49B974524745BA1007BF29A /* GameViewController.xib */; };
		A49B974924747859007BF29A /* GameViewController+UICollectionViewDelegateFlowLayout.swift in Sources */ = {isa = PBXBuildFile; fileRef = A49B974824747859007BF29A /* GameViewController+UICollectionViewDelegateFlowLayout.swift */; };
		A49B974D247479D4007BF29A /* GameViewController+UICollectionViewDataSource.swift in Sources */ = {isa = PBXBuildFile; fileRef = A49B974C247479D4007BF29A /* GameViewController+UICollectionViewDataSource.swift */; };
		A49B975224747B7B007BF29A /* GridCell.swift in Sources */ = {isa = PBXBuildFile; fileRef = A49B975024747B7B007BF29A /* GridCell.swift */; };
		A49B975324747B7B007BF29A /* GridCell.xib in Resources */ = {isa = PBXBuildFile; fileRef = A49B975124747B7B007BF29A /* GridCell.xib */; };
		A49B97552475BC9B007BF29A /* Grid.swift in Sources */ = {isa = PBXBuildFile; fileRef = A49B97542475BC9B007BF29A /* Grid.swift */; };
		A49B97582475BF5D007BF29A /* [Int]+Operations.swift in Sources */ = {isa = PBXBuildFile; fileRef = A49B97572475BF5D007BF29A /* [Int]+Operations.swift */; };
		A49B975A2475C3EB007BF29A /* Grid+UIGestureRecognizerDelegate.swift in Sources */ = {isa = PBXBuildFile; fileRef = A49B97592475C3EB007BF29A /* Grid+UIGestureRecognizerDelegate.swift */; };
		A49B975C2475C467007BF29A /* GameViewController+GridDelegate.swift in Sources */ = {isa = PBXBuildFile; fileRef = A49B975B2475C467007BF29A /* GameViewController+GridDelegate.swift */; };
		A49B9760247AD38D007BF29A /* Int+Operations.swift in Sources */ = {isa = PBXBuildFile; fileRef = A49B975F247AD38D007BF29A /* Int+Operations.swift */; };
		A49B9762247ADF3F007BF29A /* Collection+Operations.swift in Sources */ = {isa = PBXBuildFile; fileRef = A49B9761247ADF3F007BF29A /* Collection+Operations.swift */; };
		A4A217E32617AAF300DB7C7C /* HighScores.swift in Sources */ = {isa = PBXBuildFile; fileRef = A4A217E22617AAF300DB7C7C /* HighScores.swift */; };
		A4BC1CB12602A0AE009A2AA0 /* UIColor+Theme.swift in Sources */ = {isa = PBXBuildFile; fileRef = A4BC1CB02602A0AE009A2AA0 /* UIColor+Theme.swift */; };
		A4BC1CC226054CA5009A2AA0 /* 3.wav in Resources */ = {isa = PBXBuildFile; fileRef = A4BC1CB726054CA4009A2AA0 /* 3.wav */; };
		A4BC1CC326054CA5009A2AA0 /* 9.mp3 in Resources */ = {isa = PBXBuildFile; fileRef = A4BC1CB826054CA4009A2AA0 /* 9.mp3 */; };
		A4BC1CC426054CA5009A2AA0 /* 4.wav in Resources */ = {isa = PBXBuildFile; fileRef = A4BC1CB926054CA4009A2AA0 /* 4.wav */; };
		A4BC1CC526054CA5009A2AA0 /* 7.wav in Resources */ = {isa = PBXBuildFile; fileRef = A4BC1CBA26054CA4009A2AA0 /* 7.wav */; };
		A4BC1CC626054CA5009A2AA0 /* 6.mp3 in Resources */ = {isa = PBXBuildFile; fileRef = A4BC1CBB26054CA4009A2AA0 /* 6.mp3 */; };
		A4BC1CC726054CA5009A2AA0 /* 8.wav in Resources */ = {isa = PBXBuildFile; fileRef = A4BC1CBC26054CA4009A2AA0 /* 8.wav */; };
		A4BC1CC826054CA5009A2AA0 /* 5.wav in Resources */ = {isa = PBXBuildFile; fileRef = A4BC1CBD26054CA4009A2AA0 /* 5.wav */; };
		A4BC1CCA26054CA5009A2AA0 /* 1.wav in Resources */ = {isa = PBXBuildFile; fileRef = A4BC1CBF26054CA4009A2AA0 /* 1.wav */; };
		A4BC1CCB26054CA5009A2AA0 /* 10.wav in Resources */ = {isa = PBXBuildFile; fileRef = A4BC1CC026054CA4009A2AA0 /* 10.wav */; };
		A4BC1CCC26054CA5009A2AA0 /* 2.wav in Resources */ = {isa = PBXBuildFile; fileRef = A4BC1CC126054CA4009A2AA0 /* 2.wav */; };
		A4BC1CD626054D47009A2AA0 /* SoundProvider.swift in Sources */ = {isa = PBXBuildFile; fileRef = A4BC1CD526054D47009A2AA0 /* SoundProvider.swift */; };
		A4BC1CDE26054FB5009A2AA0 /* SoundProvider+AVAudioPlayerDelegate.swift in Sources */ = {isa = PBXBuildFile; fileRef = A4BC1CDD26054FB5009A2AA0 /* SoundProvider+AVAudioPlayerDelegate.swift */; };
		A4BC1CE8260664DD009A2AA0 /* gameover.mp3 in Resources */ = {isa = PBXBuildFile; fileRef = A4BC1CE6260664DD009A2AA0 /* gameover.mp3 */; };
		A4BC1CE9260664DD009A2AA0 /* match.mp3 in Resources */ = {isa = PBXBuildFile; fileRef = A4BC1CE7260664DD009A2AA0 /* match.mp3 */; };
		A4BC1CEF26066564009A2AA0 /* SFX.swift in Sources */ = {isa = PBXBuildFile; fileRef = A4BC1CEE26066564009A2AA0 /* SFX.swift */; };
		A4BC1CFC26066A24009A2AA0 /* Bundle+URLRetrieval.swift in Sources */ = {isa = PBXBuildFile; fileRef = A4BC1CFB26066A24009A2AA0 /* Bundle+URLRetrieval.swift */; };
		A4BC1D0226069118009A2AA0 /* touch.mp3 in Resources */ = {isa = PBXBuildFile; fileRef = A4BC1D0026069118009A2AA0 /* touch.mp3 */; };
		A4BC1D0326069118009A2AA0 /* start.mp3 in Resources */ = {isa = PBXBuildFile; fileRef = A4BC1D0126069118009A2AA0 /* start.mp3 */; };
		A4BC1D09260776E6009A2AA0 /* 12.mp3 in Resources */ = {isa = PBXBuildFile; fileRef = A4BC1D07260776E6009A2AA0 /* 12.mp3 */; };
		A4BC1D0A260776E6009A2AA0 /* 11.mp3 in Resources */ = {isa = PBXBuildFile; fileRef = A4BC1D08260776E6009A2AA0 /* 11.mp3 */; };
		A4DBAC94260D4257006B42B7 /* Position.swift in Sources */ = {isa = PBXBuildFile; fileRef = A4DBAC93260D4257006B42B7 /* Position.swift */; };
		A4DBACA4260E858E006B42B7 /* 8Bit-44Pl.ttf in Resources */ = {isa = PBXBuildFile; fileRef = A4DBACA0260E8441006B42B7 /* 8Bit-44Pl.ttf */; };
		A4DBACB8260F5D41006B42B7 /* Menu.swift in Sources */ = {isa = PBXBuildFile; fileRef = A4DBACB7260F5D41006B42B7 /* Menu.swift */; };
		A4DBACBD260F5D8D006B42B7 /* MenuCell.swift in Sources */ = {isa = PBXBuildFile; fileRef = A4DBACBC260F5D8D006B42B7 /* MenuCell.swift */; };
		A4DBACC2260F5DC0006B42B7 /* MenuCell.xib in Resources */ = {isa = PBXBuildFile; fileRef = A4DBACC1260F5DC0006B42B7 /* MenuCell.xib */; };
		A4DBACC7260F5FE1006B42B7 /* MenuOption.swift in Sources */ = {isa = PBXBuildFile; fileRef = A4DBACC6260F5FE1006B42B7 /* MenuOption.swift */; };
		A4DBACCC260F60DA006B42B7 /* MenuOption+Text.swift in Sources */ = {isa = PBXBuildFile; fileRef = A4DBACCB260F60DA006B42B7 /* MenuOption+Text.swift */; };
		A4DBACD1260F63D2006B42B7 /* GameViewController+UITableViewDelegate.swift in Sources */ = {isa = PBXBuildFile; fileRef = A4DBACD0260F63D2006B42B7 /* GameViewController+UITableViewDelegate.swift */; };
		A4DBACD6260F63E0006B42B7 /* GameViewController+UITableViewDataSource.swift in Sources */ = {isa = PBXBuildFile; fileRef = A4DBACD5260F63E0006B42B7 /* GameViewController+UITableViewDataSource.swift */; };
		A4DBACDB260F647F006B42B7 /* Menu+MenuCellDelegate.swift in Sources */ = {isa = PBXBuildFile; fileRef = A4DBACDA260F647F006B42B7 /* Menu+MenuCellDelegate.swift */; };
		A4DBACE3260F9778006B42B7 /* GameViewController+MenuDelegate.swift in Sources */ = {isa = PBXBuildFile; fileRef = A4DBACE2260F9778006B42B7 /* GameViewController+MenuDelegate.swift */; };
		A4DBACE8260FD860006B42B7 /* NotificationView.swift in Sources */ = {isa = PBXBuildFile; fileRef = A4DBACE7260FD860006B42B7 /* NotificationView.swift */; };
		A4DBACED260FD871006B42B7 /* NotificationView.xib in Resources */ = {isa = PBXBuildFile; fileRef = A4DBACEC260FD871006B42B7 /* NotificationView.xib */; };
		A4DBACF3260FDAEA006B42B7 /* UIButton+Theme.swift in Sources */ = {isa = PBXBuildFile; fileRef = A4DBACF2260FDAEA006B42B7 /* UIButton+Theme.swift */; };
		A4DBACF8260FDB6B006B42B7 /* UILabel+Theme.swift in Sources */ = {isa = PBXBuildFile; fileRef = A4DBACF7260FDB6B006B42B7 /* UILabel+Theme.swift */; };
		A4DBACFD260FDC20006B42B7 /* UITextView+Theme.swift in Sources */ = {isa = PBXBuildFile; fileRef = A4DBACFC260FDC20006B42B7 /* UITextView+Theme.swift */; };
		A4DBAD07260FE128006B42B7 /* UILabel+Utilities.swift in Sources */ = {isa = PBXBuildFile; fileRef = A4DBAD06260FE128006B42B7 /* UILabel+Utilities.swift */; };
		F70F4E4918E06217E2DA1ADB /* Pods_Dupe.framework in Frameworks */ = {isa = PBXBuildFile; fileRef = A2B2D29805767CA83750AF10 /* Pods_Dupe.framework */; };
/* End PBXBuildFile section */

/* Begin PBXContainerItemProxy section */
		A49B972624745571007BF29A /* PBXContainerItemProxy */ = {
			isa = PBXContainerItemProxy;
			containerPortal = A49B97072474556D007BF29A /* Project object */;
			proxyType = 1;
			remoteGlobalIDString = A49B970E2474556D007BF29A;
			remoteInfo = Dupe;
		};
		A49B973124745571007BF29A /* PBXContainerItemProxy */ = {
			isa = PBXContainerItemProxy;
			containerPortal = A49B97072474556D007BF29A /* Project object */;
			proxyType = 1;
			remoteGlobalIDString = A49B970E2474556D007BF29A;
			remoteInfo = Dupe;
		};
/* End PBXContainerItemProxy section */

/* Begin PBXFileReference section */
		2A4B5DF801F1DFAD76F0E965 /* Pods-Dupe.release.xcconfig */ = {isa = PBXFileReference; includeInIndex = 1; lastKnownFileType = text.xcconfig; name = "Pods-Dupe.release.xcconfig"; path = "Target Support Files/Pods-Dupe/Pods-Dupe.release.xcconfig"; sourceTree = "<group>"; };
		59F2A29A9A7E9F3AC78997FB /* Pods_DupeTests.framework */ = {isa = PBXFileReference; explicitFileType = wrapper.framework; includeInIndex = 0; path = Pods_DupeTests.framework; sourceTree = BUILT_PRODUCTS_DIR; };
		5EF8CB437FB7A28B7213E0E5 /* Pods-Dupe.debug.xcconfig */ = {isa = PBXFileReference; includeInIndex = 1; lastKnownFileType = text.xcconfig; name = "Pods-Dupe.debug.xcconfig"; path = "Target Support Files/Pods-Dupe/Pods-Dupe.debug.xcconfig"; sourceTree = "<group>"; };
		78E4019BB3EE266E9B8DBC55 /* Pods-Dupe-DupeUITests.release.xcconfig */ = {isa = PBXFileReference; includeInIndex = 1; lastKnownFileType = text.xcconfig; name = "Pods-Dupe-DupeUITests.release.xcconfig"; path = "Target Support Files/Pods-Dupe-DupeUITests/Pods-Dupe-DupeUITests.release.xcconfig"; sourceTree = "<group>"; };
		8A7CAB612720CA83FE65CE98 /* Pods_Dupe_DupeUITests.framework */ = {isa = PBXFileReference; explicitFileType = wrapper.framework; includeInIndex = 0; path = Pods_Dupe_DupeUITests.framework; sourceTree = BUILT_PRODUCTS_DIR; };
		A133EF5B81C3ED19EDEFD0DA /* Pods-Dupe-DupeUITests.debug.xcconfig */ = {isa = PBXFileReference; includeInIndex = 1; lastKnownFileType = text.xcconfig; name = "Pods-Dupe-DupeUITests.debug.xcconfig"; path = "Target Support Files/Pods-Dupe-DupeUITests/Pods-Dupe-DupeUITests.debug.xcconfig"; sourceTree = "<group>"; };
		A2B2D29805767CA83750AF10 /* Pods_Dupe.framework */ = {isa = PBXFileReference; explicitFileType = wrapper.framework; includeInIndex = 0; path = Pods_Dupe.framework; sourceTree = BUILT_PRODUCTS_DIR; };
		A2D42845810FDEE5A010FCD2 /* Pods-DupeTests.release.xcconfig */ = {isa = PBXFileReference; includeInIndex = 1; lastKnownFileType = text.xcconfig; name = "Pods-DupeTests.release.xcconfig"; path = "Target Support Files/Pods-DupeTests/Pods-DupeTests.release.xcconfig"; sourceTree = "<group>"; };
		A4364AD3247DA13300D7AF78 /* Grid+Animation.swift */ = {isa = PBXFileReference; lastKnownFileType = sourcecode.swift; path = "Grid+Animation.swift"; sourceTree = "<group>"; };
		A4364AD5247DA1A000D7AF78 /* GridCell+Animation.swift */ = {isa = PBXFileReference; lastKnownFileType = sourcecode.swift; path = "GridCell+Animation.swift"; sourceTree = "<group>"; };
		A4364AD9247EED7200D7AF78 /* GameViewController+Gameplay.swift */ = {isa = PBXFileReference; lastKnownFileType = sourcecode.swift; path = "GameViewController+Gameplay.swift"; sourceTree = "<group>"; };
		A4364ADB2480529100D7AF78 /* UIView+Animation.swift */ = {isa = PBXFileReference; lastKnownFileType = sourcecode.swift; path = "UIView+Animation.swift"; sourceTree = "<group>"; };
		A4453904261632020000B051 /* GridSize.swift */ = {isa = PBXFileReference; lastKnownFileType = sourcecode.swift; path = GridSize.swift; sourceTree = "<group>"; };
		A445390926163A910000B051 /* RubikColor.swift */ = {isa = PBXFileReference; lastKnownFileType = sourcecode.swift; path = RubikColor.swift; sourceTree = "<group>"; };
		A445390E26163E240000B051 /* Corner.swift */ = {isa = PBXFileReference; lastKnownFileType = sourcecode.swift; path = Corner.swift; sourceTree = "<group>"; };
		A453CE3A261854780049A6E2 /* ka1.ttf */ = {isa = PBXFileReference; lastKnownFileType = file; path = ka1.ttf; sourceTree = "<group>"; };
		A453CE3F261855790049A6E2 /* PressStart2P-Regular.ttf */ = {isa = PBXFileReference; lastKnownFileType = file; path = "PressStart2P-Regular.ttf"; sourceTree = "<group>"; };
		A453CE4426186D1A0049A6E2 /* [Grid]+Operations.swift */ = {isa = PBXFileReference; lastKnownFileType = sourcecode.swift; path = "[Grid]+Operations.swift"; sourceTree = "<group>"; };
		A453CE4C261871060049A6E2 /* 15.mp3 */ = {isa = PBXFileReference; lastKnownFileType = audio.mp3; path = 15.mp3; sourceTree = "<group>"; };
		A453CE4D261871060049A6E2 /* 13.mp3 */ = {isa = PBXFileReference; lastKnownFileType = audio.mp3; path = 13.mp3; sourceTree = "<group>"; };
		A453CE4E261871070049A6E2 /* 14.mp3 */ = {isa = PBXFileReference; lastKnownFileType = audio.mp3; path = 14.mp3; sourceTree = "<group>"; };
		A453CE77261906CE0049A6E2 /* UIDevice+Detection.swift */ = {isa = PBXFileReference; lastKnownFileType = sourcecode.swift; path = "UIDevice+Detection.swift"; sourceTree = "<group>"; };
		A453CE85261B0F5D0049A6E2 /* HighScoresTest.swift */ = {isa = PBXFileReference; lastKnownFileType = sourcecode.swift; path = HighScoresTest.swift; sourceTree = "<group>"; };
		A453CE8D261B13660049A6E2 /* UserDefaultsProtocol.swift */ = {isa = PBXFileReference; lastKnownFileType = sourcecode.swift; path = UserDefaultsProtocol.swift; sourceTree = "<group>"; };
		A453CE96261B13FB0049A6E2 /* UserDefaults+UserDefaultsProtocol.swift */ = {isa = PBXFileReference; lastKnownFileType = sourcecode.swift; path = "UserDefaults+UserDefaultsProtocol.swift"; sourceTree = "<group>"; };
		A453CE9F261B15DE0049A6E2 /* TestableStorage.swift */ = {isa = PBXFileReference; lastKnownFileType = sourcecode.swift; path = TestableStorage.swift; sourceTree = "<group>"; };
		A453CEA7261B1BC70049A6E2 /* Constants.swift */ = {isa = PBXFileReference; lastKnownFileType = sourcecode.swift; path = Constants.swift; sourceTree = "<group>"; };
		A453CEAD261B1DB50049A6E2 /* [Int]+OperationsTest.swift */ = {isa = PBXFileReference; lastKnownFileType = sourcecode.swift; path = "[Int]+OperationsTest.swift"; sourceTree = "<group>"; };
		A4943F89260BD7B2001D3C0C /* NSLayoutConstraint+Detection.swift */ = {isa = PBXFileReference; lastKnownFileType = sourcecode.swift; path = "NSLayoutConstraint+Detection.swift"; sourceTree = "<group>"; };
		A4943F8E260BD7C3001D3C0C /* [NSLayoutConstraint]+Detection.swift */ = {isa = PBXFileReference; lastKnownFileType = sourcecode.swift; path = "[NSLayoutConstraint]+Detection.swift"; sourceTree = "<group>"; };
		A4943FA3260BE6CF001D3C0C /* UIView+Utilities.swift */ = {isa = PBXFileReference; lastKnownFileType = sourcecode.swift; path = "UIView+Utilities.swift"; sourceTree = "<group>"; };
		A49B970F2474556D007BF29A /* Dupe.app */ = {isa = PBXFileReference; explicitFileType = wrapper.application; includeInIndex = 0; path = Dupe.app; sourceTree = BUILT_PRODUCTS_DIR; };
		A49B97122474556D007BF29A /* AppDelegate.swift */ = {isa = PBXFileReference; lastKnownFileType = sourcecode.swift; path = AppDelegate.swift; sourceTree = "<group>"; };
		A49B97142474556D007BF29A /* SceneDelegate.swift */ = {isa = PBXFileReference; lastKnownFileType = sourcecode.swift; path = SceneDelegate.swift; sourceTree = "<group>"; };
		A49B97192474556D007BF29A /* Base */ = {isa = PBXFileReference; lastKnownFileType = file.storyboard; name = Base; path = Base.lproj/Main.storyboard; sourceTree = "<group>"; };
		A49B971B24745570007BF29A /* Assets.xcassets */ = {isa = PBXFileReference; lastKnownFileType = folder.assetcatalog; path = Assets.xcassets; sourceTree = "<group>"; };
		A49B971E24745570007BF29A /* Base */ = {isa = PBXFileReference; lastKnownFileType = file.storyboard; name = Base; path = Base.lproj/LaunchScreen.storyboard; sourceTree = "<group>"; };
		A49B972024745570007BF29A /* Info.plist */ = {isa = PBXFileReference; lastKnownFileType = text.plist.xml; path = Info.plist; sourceTree = "<group>"; };
		A49B972524745571007BF29A /* DupeTests.xctest */ = {isa = PBXFileReference; explicitFileType = wrapper.cfbundle; includeInIndex = 0; path = DupeTests.xctest; sourceTree = BUILT_PRODUCTS_DIR; };
		A49B972924745571007BF29A /* DupeTests.swift */ = {isa = PBXFileReference; lastKnownFileType = sourcecode.swift; path = DupeTests.swift; sourceTree = "<group>"; };
		A49B972B24745571007BF29A /* Info.plist */ = {isa = PBXFileReference; lastKnownFileType = text.plist.xml; path = Info.plist; sourceTree = "<group>"; };
		A49B973024745571007BF29A /* DupeUITests.xctest */ = {isa = PBXFileReference; explicitFileType = wrapper.cfbundle; includeInIndex = 0; path = DupeUITests.xctest; sourceTree = BUILT_PRODUCTS_DIR; };
		A49B973424745571007BF29A /* DupeUITests.swift */ = {isa = PBXFileReference; lastKnownFileType = sourcecode.swift; path = DupeUITests.swift; sourceTree = "<group>"; };
		A49B973624745571007BF29A /* Info.plist */ = {isa = PBXFileReference; lastKnownFileType = text.plist.xml; path = Info.plist; sourceTree = "<group>"; };
		A49B974424745BA1007BF29A /* GameViewController.swift */ = {isa = PBXFileReference; lastKnownFileType = sourcecode.swift; path = GameViewController.swift; sourceTree = "<group>"; };
		A49B974524745BA1007BF29A /* GameViewController.xib */ = {isa = PBXFileReference; lastKnownFileType = file.xib; path = GameViewController.xib; sourceTree = "<group>"; };
		A49B974824747859007BF29A /* GameViewController+UICollectionViewDelegateFlowLayout.swift */ = {isa = PBXFileReference; lastKnownFileType = sourcecode.swift; path = "GameViewController+UICollectionViewDelegateFlowLayout.swift"; sourceTree = "<group>"; };
		A49B974C247479D4007BF29A /* GameViewController+UICollectionViewDataSource.swift */ = {isa = PBXFileReference; lastKnownFileType = sourcecode.swift; path = "GameViewController+UICollectionViewDataSource.swift"; sourceTree = "<group>"; };
		A49B975024747B7B007BF29A /* GridCell.swift */ = {isa = PBXFileReference; lastKnownFileType = sourcecode.swift; path = GridCell.swift; sourceTree = "<group>"; };
		A49B975124747B7B007BF29A /* GridCell.xib */ = {isa = PBXFileReference; lastKnownFileType = file.xib; path = GridCell.xib; sourceTree = "<group>"; };
		A49B97542475BC9B007BF29A /* Grid.swift */ = {isa = PBXFileReference; lastKnownFileType = sourcecode.swift; path = Grid.swift; sourceTree = "<group>"; };
		A49B97572475BF5D007BF29A /* [Int]+Operations.swift */ = {isa = PBXFileReference; lastKnownFileType = sourcecode.swift; path = "[Int]+Operations.swift"; sourceTree = "<group>"; };
		A49B97592475C3EB007BF29A /* Grid+UIGestureRecognizerDelegate.swift */ = {isa = PBXFileReference; lastKnownFileType = sourcecode.swift; path = "Grid+UIGestureRecognizerDelegate.swift"; sourceTree = "<group>"; };
		A49B975B2475C467007BF29A /* GameViewController+GridDelegate.swift */ = {isa = PBXFileReference; lastKnownFileType = sourcecode.swift; path = "GameViewController+GridDelegate.swift"; sourceTree = "<group>"; };
		A49B975F247AD38D007BF29A /* Int+Operations.swift */ = {isa = PBXFileReference; lastKnownFileType = sourcecode.swift; path = "Int+Operations.swift"; sourceTree = "<group>"; };
		A49B9761247ADF3F007BF29A /* Collection+Operations.swift */ = {isa = PBXFileReference; lastKnownFileType = sourcecode.swift; path = "Collection+Operations.swift"; sourceTree = "<group>"; };
		A4A217E22617AAF300DB7C7C /* HighScores.swift */ = {isa = PBXFileReference; lastKnownFileType = sourcecode.swift; path = HighScores.swift; sourceTree = "<group>"; };
		A4BC1CB02602A0AE009A2AA0 /* UIColor+Theme.swift */ = {isa = PBXFileReference; lastKnownFileType = sourcecode.swift; path = "UIColor+Theme.swift"; sourceTree = "<group>"; };
		A4BC1CB726054CA4009A2AA0 /* 3.wav */ = {isa = PBXFileReference; lastKnownFileType = audio.wav; path = 3.wav; sourceTree = "<group>"; };
		A4BC1CB826054CA4009A2AA0 /* 9.mp3 */ = {isa = PBXFileReference; lastKnownFileType = audio.mp3; path = 9.mp3; sourceTree = "<group>"; };
		A4BC1CB926054CA4009A2AA0 /* 4.wav */ = {isa = PBXFileReference; lastKnownFileType = audio.wav; path = 4.wav; sourceTree = "<group>"; };
		A4BC1CBA26054CA4009A2AA0 /* 7.wav */ = {isa = PBXFileReference; lastKnownFileType = audio.wav; path = 7.wav; sourceTree = "<group>"; };
		A4BC1CBB26054CA4009A2AA0 /* 6.mp3 */ = {isa = PBXFileReference; lastKnownFileType = audio.mp3; path = 6.mp3; sourceTree = "<group>"; };
		A4BC1CBC26054CA4009A2AA0 /* 8.wav */ = {isa = PBXFileReference; lastKnownFileType = audio.wav; path = 8.wav; sourceTree = "<group>"; };
		A4BC1CBD26054CA4009A2AA0 /* 5.wav */ = {isa = PBXFileReference; lastKnownFileType = audio.wav; path = 5.wav; sourceTree = "<group>"; };
		A4BC1CBF26054CA4009A2AA0 /* 1.wav */ = {isa = PBXFileReference; lastKnownFileType = audio.wav; path = 1.wav; sourceTree = "<group>"; };
		A4BC1CC026054CA4009A2AA0 /* 10.wav */ = {isa = PBXFileReference; lastKnownFileType = audio.wav; path = 10.wav; sourceTree = "<group>"; };
		A4BC1CC126054CA4009A2AA0 /* 2.wav */ = {isa = PBXFileReference; lastKnownFileType = audio.wav; path = 2.wav; sourceTree = "<group>"; };
		A4BC1CD526054D47009A2AA0 /* SoundProvider.swift */ = {isa = PBXFileReference; lastKnownFileType = sourcecode.swift; path = SoundProvider.swift; sourceTree = "<group>"; };
		A4BC1CDD26054FB5009A2AA0 /* SoundProvider+AVAudioPlayerDelegate.swift */ = {isa = PBXFileReference; lastKnownFileType = sourcecode.swift; path = "SoundProvider+AVAudioPlayerDelegate.swift"; sourceTree = "<group>"; };
		A4BC1CE6260664DD009A2AA0 /* gameover.mp3 */ = {isa = PBXFileReference; lastKnownFileType = audio.mp3; path = gameover.mp3; sourceTree = "<group>"; };
		A4BC1CE7260664DD009A2AA0 /* match.mp3 */ = {isa = PBXFileReference; lastKnownFileType = audio.mp3; path = match.mp3; sourceTree = "<group>"; };
		A4BC1CEE26066564009A2AA0 /* SFX.swift */ = {isa = PBXFileReference; lastKnownFileType = sourcecode.swift; path = SFX.swift; sourceTree = "<group>"; };
		A4BC1CFB26066A24009A2AA0 /* Bundle+URLRetrieval.swift */ = {isa = PBXFileReference; lastKnownFileType = sourcecode.swift; path = "Bundle+URLRetrieval.swift"; sourceTree = "<group>"; };
		A4BC1D0026069118009A2AA0 /* touch.mp3 */ = {isa = PBXFileReference; lastKnownFileType = audio.mp3; path = touch.mp3; sourceTree = "<group>"; };
		A4BC1D0126069118009A2AA0 /* start.mp3 */ = {isa = PBXFileReference; lastKnownFileType = audio.mp3; path = start.mp3; sourceTree = "<group>"; };
		A4BC1D07260776E6009A2AA0 /* 12.mp3 */ = {isa = PBXFileReference; lastKnownFileType = audio.mp3; path = 12.mp3; sourceTree = "<group>"; };
		A4BC1D08260776E6009A2AA0 /* 11.mp3 */ = {isa = PBXFileReference; lastKnownFileType = audio.mp3; path = 11.mp3; sourceTree = "<group>"; };
		A4DBAC93260D4257006B42B7 /* Position.swift */ = {isa = PBXFileReference; lastKnownFileType = sourcecode.swift; path = Position.swift; sourceTree = "<group>"; };
		A4DBACA0260E8441006B42B7 /* 8Bit-44Pl.ttf */ = {isa = PBXFileReference; lastKnownFileType = file; path = "8Bit-44Pl.ttf"; sourceTree = "<group>"; };
		A4DBACB7260F5D41006B42B7 /* Menu.swift */ = {isa = PBXFileReference; lastKnownFileType = sourcecode.swift; path = Menu.swift; sourceTree = "<group>"; };
		A4DBACBC260F5D8D006B42B7 /* MenuCell.swift */ = {isa = PBXFileReference; lastKnownFileType = sourcecode.swift; path = MenuCell.swift; sourceTree = "<group>"; };
		A4DBACC1260F5DC0006B42B7 /* MenuCell.xib */ = {isa = PBXFileReference; lastKnownFileType = file.xib; path = MenuCell.xib; sourceTree = "<group>"; };
		A4DBACC6260F5FE1006B42B7 /* MenuOption.swift */ = {isa = PBXFileReference; lastKnownFileType = sourcecode.swift; path = MenuOption.swift; sourceTree = "<group>"; };
		A4DBACCB260F60DA006B42B7 /* MenuOption+Text.swift */ = {isa = PBXFileReference; lastKnownFileType = sourcecode.swift; path = "MenuOption+Text.swift"; sourceTree = "<group>"; };
		A4DBACD0260F63D2006B42B7 /* GameViewController+UITableViewDelegate.swift */ = {isa = PBXFileReference; lastKnownFileType = sourcecode.swift; path = "GameViewController+UITableViewDelegate.swift"; sourceTree = "<group>"; };
		A4DBACD5260F63E0006B42B7 /* GameViewController+UITableViewDataSource.swift */ = {isa = PBXFileReference; lastKnownFileType = sourcecode.swift; path = "GameViewController+UITableViewDataSource.swift"; sourceTree = "<group>"; };
		A4DBACDA260F647F006B42B7 /* Menu+MenuCellDelegate.swift */ = {isa = PBXFileReference; lastKnownFileType = sourcecode.swift; path = "Menu+MenuCellDelegate.swift"; sourceTree = "<group>"; };
		A4DBACE2260F9778006B42B7 /* GameViewController+MenuDelegate.swift */ = {isa = PBXFileReference; lastKnownFileType = sourcecode.swift; path = "GameViewController+MenuDelegate.swift"; sourceTree = "<group>"; };
		A4DBACE7260FD860006B42B7 /* NotificationView.swift */ = {isa = PBXFileReference; lastKnownFileType = sourcecode.swift; path = NotificationView.swift; sourceTree = "<group>"; };
		A4DBACEC260FD871006B42B7 /* NotificationView.xib */ = {isa = PBXFileReference; lastKnownFileType = file.xib; path = NotificationView.xib; sourceTree = "<group>"; };
		A4DBACF2260FDAEA006B42B7 /* UIButton+Theme.swift */ = {isa = PBXFileReference; lastKnownFileType = sourcecode.swift; path = "UIButton+Theme.swift"; sourceTree = "<group>"; };
		A4DBACF7260FDB6B006B42B7 /* UILabel+Theme.swift */ = {isa = PBXFileReference; lastKnownFileType = sourcecode.swift; path = "UILabel+Theme.swift"; sourceTree = "<group>"; };
		A4DBACFC260FDC20006B42B7 /* UITextView+Theme.swift */ = {isa = PBXFileReference; lastKnownFileType = sourcecode.swift; path = "UITextView+Theme.swift"; sourceTree = "<group>"; };
		A4DBAD06260FE128006B42B7 /* UILabel+Utilities.swift */ = {isa = PBXFileReference; lastKnownFileType = sourcecode.swift; path = "UILabel+Utilities.swift"; sourceTree = "<group>"; };
		F8E299E850DF0471388E8494 /* Pods-DupeTests.debug.xcconfig */ = {isa = PBXFileReference; includeInIndex = 1; lastKnownFileType = text.xcconfig; name = "Pods-DupeTests.debug.xcconfig"; path = "Target Support Files/Pods-DupeTests/Pods-DupeTests.debug.xcconfig"; sourceTree = "<group>"; };
/* End PBXFileReference section */

/* Begin PBXFrameworksBuildPhase section */
		A49B970C2474556D007BF29A /* Frameworks */ = {
			isa = PBXFrameworksBuildPhase;
			buildActionMask = 2147483647;
			files = (
				F70F4E4918E06217E2DA1ADB /* Pods_Dupe.framework in Frameworks */,
			);
			runOnlyForDeploymentPostprocessing = 0;
		};
		A49B972224745571007BF29A /* Frameworks */ = {
			isa = PBXFrameworksBuildPhase;
			buildActionMask = 2147483647;
			files = (
				663ABF26C276603F5055D27D /* Pods_DupeTests.framework in Frameworks */,
			);
			runOnlyForDeploymentPostprocessing = 0;
		};
		A49B972D24745571007BF29A /* Frameworks */ = {
			isa = PBXFrameworksBuildPhase;
			buildActionMask = 2147483647;
			files = (
				7737E9261A9AE545973715B7 /* Pods_Dupe_DupeUITests.framework in Frameworks */,
			);
			runOnlyForDeploymentPostprocessing = 0;
		};
/* End PBXFrameworksBuildPhase section */

/* Begin PBXGroup section */
		1EE1F6DA6CD0583BF05250FC /* Pods */ = {
			isa = PBXGroup;
			children = (
				5EF8CB437FB7A28B7213E0E5 /* Pods-Dupe.debug.xcconfig */,
				2A4B5DF801F1DFAD76F0E965 /* Pods-Dupe.release.xcconfig */,
				A133EF5B81C3ED19EDEFD0DA /* Pods-Dupe-DupeUITests.debug.xcconfig */,
				78E4019BB3EE266E9B8DBC55 /* Pods-Dupe-DupeUITests.release.xcconfig */,
				F8E299E850DF0471388E8494 /* Pods-DupeTests.debug.xcconfig */,
				A2D42845810FDEE5A010FCD2 /* Pods-DupeTests.release.xcconfig */,
			);
			path = Pods;
			sourceTree = "<group>";
		};
		783D1A1E8F8370CD678E7095 /* Frameworks */ = {
			isa = PBXGroup;
			children = (
				A2B2D29805767CA83750AF10 /* Pods_Dupe.framework */,
				8A7CAB612720CA83FE65CE98 /* Pods_Dupe_DupeUITests.framework */,
				59F2A29A9A7E9F3AC78997FB /* Pods_DupeTests.framework */,
			);
			name = Frameworks;
			sourceTree = "<group>";
		};
		A453CE84261B0F1F0049A6E2 /* Utility */ = {
			isa = PBXGroup;
			children = (
				A453CE85261B0F5D0049A6E2 /* HighScoresTest.swift */,
			);
			path = Utility;
			sourceTree = "<group>";
		};
		A453CE95261B13BB0049A6E2 /* Protocols */ = {
			isa = PBXGroup;
			children = (
				A453CE8D261B13660049A6E2 /* UserDefaultsProtocol.swift */,
			);
			path = Protocols;
			sourceTree = "<group>";
		};
		A453CE9E261B15C10049A6E2 /* Mocking */ = {
			isa = PBXGroup;
			children = (
				A453CE9F261B15DE0049A6E2 /* TestableStorage.swift */,
			);
			path = Mocking;
			sourceTree = "<group>";
		};
		A453CEAC261B1D9B0049A6E2 /* Extensions */ = {
			isa = PBXGroup;
			children = (
				A453CEAD261B1DB50049A6E2 /* [Int]+OperationsTest.swift */,
			);
			path = Extensions;
			sourceTree = "<group>";
		};
		A49B97062474556D007BF29A = {
			isa = PBXGroup;
			children = (
				A49B97112474556D007BF29A /* Dupe */,
				A49B972824745571007BF29A /* DupeTests */,
				A49B973324745571007BF29A /* DupeUITests */,
				A49B97102474556D007BF29A /* Products */,
				1EE1F6DA6CD0583BF05250FC /* Pods */,
				783D1A1E8F8370CD678E7095 /* Frameworks */,
			);
			sourceTree = "<group>";
		};
		A49B97102474556D007BF29A /* Products */ = {
			isa = PBXGroup;
			children = (
				A49B970F2474556D007BF29A /* Dupe.app */,
				A49B972524745571007BF29A /* DupeTests.xctest */,
				A49B973024745571007BF29A /* DupeUITests.xctest */,
			);
			name = Products;
			sourceTree = "<group>";
		};
		A49B97112474556D007BF29A /* Dupe */ = {
			isa = PBXGroup;
			children = (
				A49B974F24747AE3007BF29A /* Source */,
				A49B974224745B16007BF29A /* Resources */,
			);
			path = Dupe;
			sourceTree = "<group>";
		};
		A49B972824745571007BF29A /* DupeTests */ = {
			isa = PBXGroup;
			children = (
				A453CEAC261B1D9B0049A6E2 /* Extensions */,
				A453CE9E261B15C10049A6E2 /* Mocking */,
				A453CE84261B0F1F0049A6E2 /* Utility */,
				A49B972924745571007BF29A /* DupeTests.swift */,
				A49B972B24745571007BF29A /* Info.plist */,
			);
			path = DupeTests;
			sourceTree = "<group>";
		};
		A49B973324745571007BF29A /* DupeUITests */ = {
			isa = PBXGroup;
			children = (
				A49B973424745571007BF29A /* DupeUITests.swift */,
				A49B973624745571007BF29A /* Info.plist */,
			);
			path = DupeUITests;
			sourceTree = "<group>";
		};
		A49B974224745B16007BF29A /* Resources */ = {
			isa = PBXGroup;
			children = (
				A4BC1CB526054C80009A2AA0 /* Sounds */,
				A49B97182474556D007BF29A /* Main.storyboard */,
				A49B971B24745570007BF29A /* Assets.xcassets */,
				A49B971D24745570007BF29A /* LaunchScreen.storyboard */,
				A49B972024745570007BF29A /* Info.plist */,
			);
			path = Resources;
			sourceTree = "<group>";
		};
		A49B974324745B4A007BF29A /* Controllers */ = {
			isa = PBXGroup;
			children = (
				A49B974424745BA1007BF29A /* GameViewController.swift */,
				A49B974524745BA1007BF29A /* GameViewController.xib */,
				A4364AD9247EED7200D7AF78 /* GameViewController+Gameplay.swift */,
				A49B975B2475C467007BF29A /* GameViewController+GridDelegate.swift */,
				A49B974C247479D4007BF29A /* GameViewController+UICollectionViewDataSource.swift */,
				A49B974824747859007BF29A /* GameViewController+UICollectionViewDelegateFlowLayout.swift */,
				A4DBACD5260F63E0006B42B7 /* GameViewController+UITableViewDataSource.swift */,
				A4DBACD0260F63D2006B42B7 /* GameViewController+UITableViewDelegate.swift */,
				A4DBACE2260F9778006B42B7 /* GameViewController+MenuDelegate.swift */,
			);
			path = Controllers;
			sourceTree = "<group>";
		};
		A49B974E24747ABF007BF29A /* Views */ = {
			isa = PBXGroup;
			children = (
				A4A1D1E125FFDF9100FA1E4E /* Cells */,
				A4364AD3247DA13300D7AF78 /* Grid+Animation.swift */,
				A49B97592475C3EB007BF29A /* Grid+UIGestureRecognizerDelegate.swift */,
				A49B97542475BC9B007BF29A /* Grid.swift */,
				A4DBACB7260F5D41006B42B7 /* Menu.swift */,
				A4DBACDA260F647F006B42B7 /* Menu+MenuCellDelegate.swift */,
				A4DBACE7260FD860006B42B7 /* NotificationView.swift */,
				A4DBACEC260FD871006B42B7 /* NotificationView.xib */,
			);
			path = Views;
			sourceTree = "<group>";
		};
		A49B974F24747AE3007BF29A /* Source */ = {
			isa = PBXGroup;
			children = (
				A453CE95261B13BB0049A6E2 /* Protocols */,
				A4A217E12617AAD700DB7C7C /* Utility */,
				A4BC1CED2606654A009A2AA0 /* Types */,
				A4BC1CD426054D3A009A2AA0 /* Providers */,
				A49B97122474556D007BF29A /* AppDelegate.swift */,
				A49B97142474556D007BF29A /* SceneDelegate.swift */,
				A49B97562475BF26007BF29A /* Extensions */,
				A49B974E24747ABF007BF29A /* Views */,
				A49B974324745B4A007BF29A /* Controllers */,
			);
			path = Source;
			sourceTree = "<group>";
		};
		A49B97562475BF26007BF29A /* Extensions */ = {
			isa = PBXGroup;
			children = (
				A4DBACF1260FDAD6006B42B7 /* Theme */,
				A49B97572475BF5D007BF29A /* [Int]+Operations.swift */,
				A453CE4426186D1A0049A6E2 /* [Grid]+Operations.swift */,
				A4943F8E260BD7C3001D3C0C /* [NSLayoutConstraint]+Detection.swift */,
				A4BC1CFB26066A24009A2AA0 /* Bundle+URLRetrieval.swift */,
				A49B9761247ADF3F007BF29A /* Collection+Operations.swift */,
				A49B975F247AD38D007BF29A /* Int+Operations.swift */,
				A4943F89260BD7B2001D3C0C /* NSLayoutConstraint+Detection.swift */,
				A4364ADB2480529100D7AF78 /* UIView+Animation.swift */,
				A4943FA3260BE6CF001D3C0C /* UIView+Utilities.swift */,
				A4DBACCB260F60DA006B42B7 /* MenuOption+Text.swift */,
				A4DBAD06260FE128006B42B7 /* UILabel+Utilities.swift */,
				A453CE77261906CE0049A6E2 /* UIDevice+Detection.swift */,
				A453CE96261B13FB0049A6E2 /* UserDefaults+UserDefaultsProtocol.swift */,
			);
			path = Extensions;
			sourceTree = "<group>";
		};
		A4A1D1E125FFDF9100FA1E4E /* Cells */ = {
			isa = PBXGroup;
			children = (
				A4364AD5247DA1A000D7AF78 /* GridCell+Animation.swift */,
				A49B975024747B7B007BF29A /* GridCell.swift */,
				A49B975124747B7B007BF29A /* GridCell.xib */,
				A4DBACBC260F5D8D006B42B7 /* MenuCell.swift */,
				A4DBACC1260F5DC0006B42B7 /* MenuCell.xib */,
			);
			path = Cells;
			sourceTree = "<group>";
		};
		A4A217E12617AAD700DB7C7C /* Utility */ = {
			isa = PBXGroup;
			children = (
				A453CEA7261B1BC70049A6E2 /* Constants.swift */,
				A4A217E22617AAF300DB7C7C /* HighScores.swift */,
			);
			path = Utility;
			sourceTree = "<group>";
		};
		A4BC1CB526054C80009A2AA0 /* Sounds */ = {
			isa = PBXGroup;
			children = (
				A4DBAC9E260E8435006B42B7 /* Fonts */,
				A4BC1CE5260664D2009A2AA0 /* SFX */,
				A4BC1CB626054C89009A2AA0 /* Music */,
			);
			path = Sounds;
			sourceTree = "<group>";
		};
		A4BC1CB626054C89009A2AA0 /* Music */ = {
			isa = PBXGroup;
			children = (
				A4BC1CBF26054CA4009A2AA0 /* 1.wav */,
				A4BC1CC126054CA4009A2AA0 /* 2.wav */,
				A4BC1CB726054CA4009A2AA0 /* 3.wav */,
				A4BC1CB926054CA4009A2AA0 /* 4.wav */,
				A4BC1CBD26054CA4009A2AA0 /* 5.wav */,
				A4BC1CBB26054CA4009A2AA0 /* 6.mp3 */,
				A4BC1CBA26054CA4009A2AA0 /* 7.wav */,
				A4BC1CBC26054CA4009A2AA0 /* 8.wav */,
				A4BC1CB826054CA4009A2AA0 /* 9.mp3 */,
				A4BC1CC026054CA4009A2AA0 /* 10.wav */,
				A4BC1D08260776E6009A2AA0 /* 11.mp3 */,
				A4BC1D07260776E6009A2AA0 /* 12.mp3 */,
				A453CE4D261871060049A6E2 /* 13.mp3 */,
				A453CE4E261871070049A6E2 /* 14.mp3 */,
				A453CE4C261871060049A6E2 /* 15.mp3 */,
			);
			path = Music;
			sourceTree = "<group>";
		};
		A4BC1CD426054D3A009A2AA0 /* Providers */ = {
			isa = PBXGroup;
			children = (
				A4BC1CDD26054FB5009A2AA0 /* SoundProvider+AVAudioPlayerDelegate.swift */,
				A4BC1CD526054D47009A2AA0 /* SoundProvider.swift */,
			);
			path = Providers;
			sourceTree = "<group>";
		};
		A4BC1CE5260664D2009A2AA0 /* SFX */ = {
			isa = PBXGroup;
			children = (
				A4BC1D0126069118009A2AA0 /* start.mp3 */,
				A4BC1D0026069118009A2AA0 /* touch.mp3 */,
				A4BC1CE6260664DD009A2AA0 /* gameover.mp3 */,
				A4BC1CE7260664DD009A2AA0 /* match.mp3 */,
			);
			path = SFX;
			sourceTree = "<group>";
		};
		A4BC1CED2606654A009A2AA0 /* Types */ = {
			isa = PBXGroup;
			children = (
				A4BC1CEE26066564009A2AA0 /* SFX.swift */,
				A4DBAC93260D4257006B42B7 /* Position.swift */,
				A4DBACC6260F5FE1006B42B7 /* MenuOption.swift */,
				A4453904261632020000B051 /* GridSize.swift */,
				A445390926163A910000B051 /* RubikColor.swift */,
				A445390E26163E240000B051 /* Corner.swift */,
			);
			path = Types;
			sourceTree = "<group>";
		};
		A4DBAC9E260E8435006B42B7 /* Fonts */ = {
			isa = PBXGroup;
			children = (
				A453CE3A261854780049A6E2 /* ka1.ttf */,
				A453CE3F261855790049A6E2 /* PressStart2P-Regular.ttf */,
				A4DBACA0260E8441006B42B7 /* 8Bit-44Pl.ttf */,
			);
			path = Fonts;
			sourceTree = "<group>";
		};
		A4DBACF1260FDAD6006B42B7 /* Theme */ = {
			isa = PBXGroup;
			children = (
				A4BC1CB02602A0AE009A2AA0 /* UIColor+Theme.swift */,
				A4DBACF2260FDAEA006B42B7 /* UIButton+Theme.swift */,
				A4DBACF7260FDB6B006B42B7 /* UILabel+Theme.swift */,
				A4DBACFC260FDC20006B42B7 /* UITextView+Theme.swift */,
			);
			path = Theme;
			sourceTree = "<group>";
		};
/* End PBXGroup section */

/* Begin PBXNativeTarget section */
		A49B970E2474556D007BF29A /* Dupe */ = {
			isa = PBXNativeTarget;
			buildConfigurationList = A49B973924745571007BF29A /* Build configuration list for PBXNativeTarget "Dupe" */;
			buildPhases = (
				059E034ECFD2FF5193EBB779 /* [CP] Check Pods Manifest.lock */,
				A49B970B2474556D007BF29A /* Sources */,
				A49B970C2474556D007BF29A /* Frameworks */,
				A49B970D2474556D007BF29A /* Resources */,
				E73EFA85CD91437C69DEB04A /* [CP] Embed Pods Frameworks */,
			);
			buildRules = (
			);
			dependencies = (
			);
			name = Dupe;
			productName = Dupe;
			productReference = A49B970F2474556D007BF29A /* Dupe.app */;
			productType = "com.apple.product-type.application";
		};
		A49B972424745571007BF29A /* DupeTests */ = {
			isa = PBXNativeTarget;
			buildConfigurationList = A49B973C24745571007BF29A /* Build configuration list for PBXNativeTarget "DupeTests" */;
			buildPhases = (
				E7DA70F17B17AFC2A22A3DF7 /* [CP] Check Pods Manifest.lock */,
				A49B972124745571007BF29A /* Sources */,
				A49B972224745571007BF29A /* Frameworks */,
				A49B972324745571007BF29A /* Resources */,
			);
			buildRules = (
			);
			dependencies = (
				A49B972724745571007BF29A /* PBXTargetDependency */,
			);
			name = DupeTests;
			productName = DupeTests;
			productReference = A49B972524745571007BF29A /* DupeTests.xctest */;
			productType = "com.apple.product-type.bundle.unit-test";
		};
		A49B972F24745571007BF29A /* DupeUITests */ = {
			isa = PBXNativeTarget;
			buildConfigurationList = A49B973F24745571007BF29A /* Build configuration list for PBXNativeTarget "DupeUITests" */;
			buildPhases = (
				45E4F92715559CE45F03E7C1 /* [CP] Check Pods Manifest.lock */,
				A49B972C24745571007BF29A /* Sources */,
				A49B972D24745571007BF29A /* Frameworks */,
				A49B972E24745571007BF29A /* Resources */,
				2A9E131EE27C04F570FE337B /* [CP] Embed Pods Frameworks */,
			);
			buildRules = (
			);
			dependencies = (
				A49B973224745571007BF29A /* PBXTargetDependency */,
			);
			name = DupeUITests;
			productName = DupeUITests;
			productReference = A49B973024745571007BF29A /* DupeUITests.xctest */;
			productType = "com.apple.product-type.bundle.ui-testing";
		};
/* End PBXNativeTarget section */

/* Begin PBXProject section */
		A49B97072474556D007BF29A /* Project object */ = {
			isa = PBXProject;
			attributes = {
				LastSwiftUpdateCheck = 1140;
				LastUpgradeCheck = 1240;
				ORGANIZATIONNAME = Cosmic;
				TargetAttributes = {
					A49B970E2474556D007BF29A = {
						CreatedOnToolsVersion = 11.4.1;
					};
					A49B972424745571007BF29A = {
						CreatedOnToolsVersion = 11.4.1;
						TestTargetID = A49B970E2474556D007BF29A;
					};
					A49B972F24745571007BF29A = {
						CreatedOnToolsVersion = 11.4.1;
						TestTargetID = A49B970E2474556D007BF29A;
					};
				};
			};
			buildConfigurationList = A49B970A2474556D007BF29A /* Build configuration list for PBXProject "Dupe" */;
			compatibilityVersion = "Xcode 9.3";
			developmentRegion = en;
			hasScannedForEncodings = 0;
			knownRegions = (
				en,
				Base,
			);
			mainGroup = A49B97062474556D007BF29A;
			productRefGroup = A49B97102474556D007BF29A /* Products */;
			projectDirPath = "";
			projectRoot = "";
			targets = (
				A49B970E2474556D007BF29A /* Dupe */,
				A49B972424745571007BF29A /* DupeTests */,
				A49B972F24745571007BF29A /* DupeUITests */,
			);
		};
/* End PBXProject section */

/* Begin PBXResourcesBuildPhase section */
		A49B970D2474556D007BF29A /* Resources */ = {
			isa = PBXResourcesBuildPhase;
			buildActionMask = 2147483647;
			files = (
				A4BC1CE8260664DD009A2AA0 /* gameover.mp3 in Resources */,
				A4BC1CCB26054CA5009A2AA0 /* 10.wav in Resources */,
				A4BC1CCC26054CA5009A2AA0 /* 2.wav in Resources */,
				A49B974724745BA1007BF29A /* GameViewController.xib in Resources */,
				A4BC1CC726054CA5009A2AA0 /* 8.wav in Resources */,
				A4BC1CC526054CA5009A2AA0 /* 7.wav in Resources */,
				A4BC1D0326069118009A2AA0 /* start.mp3 in Resources */,
				A4BC1CC626054CA5009A2AA0 /* 6.mp3 in Resources */,
				A453CE3B261854780049A6E2 /* ka1.ttf in Resources */,
				A49B975324747B7B007BF29A /* GridCell.xib in Resources */,
				A453CE4F261871070049A6E2 /* 15.mp3 in Resources */,
				A4BC1D0226069118009A2AA0 /* touch.mp3 in Resources */,
				A453CE51261871070049A6E2 /* 14.mp3 in Resources */,
				A4DBACED260FD871006B42B7 /* NotificationView.xib in Resources */,
				A49B971F24745570007BF29A /* LaunchScreen.storyboard in Resources */,
				A4BC1CC226054CA5009A2AA0 /* 3.wav in Resources */,
				A4BC1CCA26054CA5009A2AA0 /* 1.wav in Resources */,
				A49B971C24745570007BF29A /* Assets.xcassets in Resources */,
				A4BC1CC426054CA5009A2AA0 /* 4.wav in Resources */,
				A4DBACA4260E858E006B42B7 /* 8Bit-44Pl.ttf in Resources */,
				A4BC1D09260776E6009A2AA0 /* 12.mp3 in Resources */,
				A4DBACC2260F5DC0006B42B7 /* MenuCell.xib in Resources */,
				A453CE40261855790049A6E2 /* PressStart2P-Regular.ttf in Resources */,
				A4BC1D0A260776E6009A2AA0 /* 11.mp3 in Resources */,
				A4BC1CC826054CA5009A2AA0 /* 5.wav in Resources */,
				A4BC1CE9260664DD009A2AA0 /* match.mp3 in Resources */,
				A453CE50261871070049A6E2 /* 13.mp3 in Resources */,
				A4BC1CC326054CA5009A2AA0 /* 9.mp3 in Resources */,
				A49B971A2474556D007BF29A /* Main.storyboard in Resources */,
			);
			runOnlyForDeploymentPostprocessing = 0;
		};
		A49B972324745571007BF29A /* Resources */ = {
			isa = PBXResourcesBuildPhase;
			buildActionMask = 2147483647;
			files = (
			);
			runOnlyForDeploymentPostprocessing = 0;
		};
		A49B972E24745571007BF29A /* Resources */ = {
			isa = PBXResourcesBuildPhase;
			buildActionMask = 2147483647;
			files = (
			);
			runOnlyForDeploymentPostprocessing = 0;
		};
/* End PBXResourcesBuildPhase section */

/* Begin PBXShellScriptBuildPhase section */
		059E034ECFD2FF5193EBB779 /* [CP] Check Pods Manifest.lock */ = {
			isa = PBXShellScriptBuildPhase;
			buildActionMask = 2147483647;
			files = (
			);
			inputFileListPaths = (
			);
			inputPaths = (
				"${PODS_PODFILE_DIR_PATH}/Podfile.lock",
				"${PODS_ROOT}/Manifest.lock",
			);
			name = "[CP] Check Pods Manifest.lock";
			outputFileListPaths = (
			);
			outputPaths = (
				"$(DERIVED_FILE_DIR)/Pods-Dupe-checkManifestLockResult.txt",
			);
			runOnlyForDeploymentPostprocessing = 0;
			shellPath = /bin/sh;
			shellScript = "diff \"${PODS_PODFILE_DIR_PATH}/Podfile.lock\" \"${PODS_ROOT}/Manifest.lock\" > /dev/null\nif [ $? != 0 ] ; then\n    # print error to STDERR\n    echo \"error: The sandbox is not in sync with the Podfile.lock. Run 'pod install' or update your CocoaPods installation.\" >&2\n    exit 1\nfi\n# This output is used by Xcode 'outputs' to avoid re-running this script phase.\necho \"SUCCESS\" > \"${SCRIPT_OUTPUT_FILE_0}\"\n";
			showEnvVarsInLog = 0;
		};
		2A9E131EE27C04F570FE337B /* [CP] Embed Pods Frameworks */ = {
			isa = PBXShellScriptBuildPhase;
			buildActionMask = 2147483647;
			files = (
			);
			inputFileListPaths = (
				"${PODS_ROOT}/Target Support Files/Pods-Dupe-DupeUITests/Pods-Dupe-DupeUITests-frameworks-${CONFIGURATION}-input-files.xcfilelist",
			);
			name = "[CP] Embed Pods Frameworks";
			outputFileListPaths = (
				"${PODS_ROOT}/Target Support Files/Pods-Dupe-DupeUITests/Pods-Dupe-DupeUITests-frameworks-${CONFIGURATION}-output-files.xcfilelist",
			);
			runOnlyForDeploymentPostprocessing = 0;
			shellPath = /bin/sh;
			shellScript = "\"${PODS_ROOT}/Target Support Files/Pods-Dupe-DupeUITests/Pods-Dupe-DupeUITests-frameworks.sh\"\n";
			showEnvVarsInLog = 0;
		};
		45E4F92715559CE45F03E7C1 /* [CP] Check Pods Manifest.lock */ = {
			isa = PBXShellScriptBuildPhase;
			buildActionMask = 2147483647;
			files = (
			);
			inputFileListPaths = (
			);
			inputPaths = (
				"${PODS_PODFILE_DIR_PATH}/Podfile.lock",
				"${PODS_ROOT}/Manifest.lock",
			);
			name = "[CP] Check Pods Manifest.lock";
			outputFileListPaths = (
			);
			outputPaths = (
				"$(DERIVED_FILE_DIR)/Pods-Dupe-DupeUITests-checkManifestLockResult.txt",
			);
			runOnlyForDeploymentPostprocessing = 0;
			shellPath = /bin/sh;
			shellScript = "diff \"${PODS_PODFILE_DIR_PATH}/Podfile.lock\" \"${PODS_ROOT}/Manifest.lock\" > /dev/null\nif [ $? != 0 ] ; then\n    # print error to STDERR\n    echo \"error: The sandbox is not in sync with the Podfile.lock. Run 'pod install' or update your CocoaPods installation.\" >&2\n    exit 1\nfi\n# This output is used by Xcode 'outputs' to avoid re-running this script phase.\necho \"SUCCESS\" > \"${SCRIPT_OUTPUT_FILE_0}\"\n";
			showEnvVarsInLog = 0;
		};
		E73EFA85CD91437C69DEB04A /* [CP] Embed Pods Frameworks */ = {
			isa = PBXShellScriptBuildPhase;
			buildActionMask = 2147483647;
			files = (
			);
			inputFileListPaths = (
				"${PODS_ROOT}/Target Support Files/Pods-Dupe/Pods-Dupe-frameworks-${CONFIGURATION}-input-files.xcfilelist",
			);
			name = "[CP] Embed Pods Frameworks";
			outputFileListPaths = (
				"${PODS_ROOT}/Target Support Files/Pods-Dupe/Pods-Dupe-frameworks-${CONFIGURATION}-output-files.xcfilelist",
			);
			runOnlyForDeploymentPostprocessing = 0;
			shellPath = /bin/sh;
			shellScript = "\"${PODS_ROOT}/Target Support Files/Pods-Dupe/Pods-Dupe-frameworks.sh\"\n";
			showEnvVarsInLog = 0;
		};
		E7DA70F17B17AFC2A22A3DF7 /* [CP] Check Pods Manifest.lock */ = {
			isa = PBXShellScriptBuildPhase;
			buildActionMask = 2147483647;
			files = (
			);
			inputFileListPaths = (
			);
			inputPaths = (
				"${PODS_PODFILE_DIR_PATH}/Podfile.lock",
				"${PODS_ROOT}/Manifest.lock",
			);
			name = "[CP] Check Pods Manifest.lock";
			outputFileListPaths = (
			);
			outputPaths = (
				"$(DERIVED_FILE_DIR)/Pods-DupeTests-checkManifestLockResult.txt",
			);
			runOnlyForDeploymentPostprocessing = 0;
			shellPath = /bin/sh;
			shellScript = "diff \"${PODS_PODFILE_DIR_PATH}/Podfile.lock\" \"${PODS_ROOT}/Manifest.lock\" > /dev/null\nif [ $? != 0 ] ; then\n    # print error to STDERR\n    echo \"error: The sandbox is not in sync with the Podfile.lock. Run 'pod install' or update your CocoaPods installation.\" >&2\n    exit 1\nfi\n# This output is used by Xcode 'outputs' to avoid re-running this script phase.\necho \"SUCCESS\" > \"${SCRIPT_OUTPUT_FILE_0}\"\n";
			showEnvVarsInLog = 0;
		};
/* End PBXShellScriptBuildPhase section */

/* Begin PBXSourcesBuildPhase section */
		A49B970B2474556D007BF29A /* Sources */ = {
			isa = PBXSourcesBuildPhase;
			buildActionMask = 2147483647;
			files = (
				A4BC1CEF26066564009A2AA0 /* SFX.swift in Sources */,
				A4DBACFD260FDC20006B42B7 /* UITextView+Theme.swift in Sources */,
				A453CE4526186D1A0049A6E2 /* [Grid]+Operations.swift in Sources */,
				A4DBACD1260F63D2006B42B7 /* GameViewController+UITableViewDelegate.swift in Sources */,
				A49B97552475BC9B007BF29A /* Grid.swift in Sources */,
				A445390F26163E240000B051 /* Corner.swift in Sources */,
				A49B974D247479D4007BF29A /* GameViewController+UICollectionViewDataSource.swift in Sources */,
				A4364AD6247DA1A000D7AF78 /* GridCell+Animation.swift in Sources */,
				A4BC1CB12602A0AE009A2AA0 /* UIColor+Theme.swift in Sources */,
				A4DBACC7260F5FE1006B42B7 /* MenuOption.swift in Sources */,
				A4DBACCC260F60DA006B42B7 /* MenuOption+Text.swift in Sources */,
				A4943FA4260BE6CF001D3C0C /* UIView+Utilities.swift in Sources */,
				A4453905261632020000B051 /* GridSize.swift in Sources */,
				A4DBACB8260F5D41006B42B7 /* Menu.swift in Sources */,
				A4943F8F260BD7C3001D3C0C /* [NSLayoutConstraint]+Detection.swift in Sources */,
				A453CE78261906CE0049A6E2 /* UIDevice+Detection.swift in Sources */,
				A49B9762247ADF3F007BF29A /* Collection+Operations.swift in Sources */,
				A49B974924747859007BF29A /* GameViewController+UICollectionViewDelegateFlowLayout.swift in Sources */,
				A4A217E32617AAF300DB7C7C /* HighScores.swift in Sources */,
				A49B975224747B7B007BF29A /* GridCell.swift in Sources */,
				A4BC1CDE26054FB5009A2AA0 /* SoundProvider+AVAudioPlayerDelegate.swift in Sources */,
				A4BC1CD626054D47009A2AA0 /* SoundProvider.swift in Sources */,
				A453CE8E261B13660049A6E2 /* UserDefaultsProtocol.swift in Sources */,
				A453CE97261B13FB0049A6E2 /* UserDefaults+UserDefaultsProtocol.swift in Sources */,
				A453CEA8261B1BC70049A6E2 /* Constants.swift in Sources */,
				A4DBACBD260F5D8D006B42B7 /* MenuCell.swift in Sources */,
				A4364ADA247EED7200D7AF78 /* GameViewController+Gameplay.swift in Sources */,
				A49B97582475BF5D007BF29A /* [Int]+Operations.swift in Sources */,
				A49B97132474556D007BF29A /* AppDelegate.swift in Sources */,
				A49B9760247AD38D007BF29A /* Int+Operations.swift in Sources */,
				A4DBAD07260FE128006B42B7 /* UILabel+Utilities.swift in Sources */,
				A4DBAC94260D4257006B42B7 /* Position.swift in Sources */,
				A49B974624745BA1007BF29A /* GameViewController.swift in Sources */,
				A4DBACF8260FDB6B006B42B7 /* UILabel+Theme.swift in Sources */,
				A4DBACDB260F647F006B42B7 /* Menu+MenuCellDelegate.swift in Sources */,
				A4364ADC2480529200D7AF78 /* UIView+Animation.swift in Sources */,
				A445390A26163A910000B051 /* RubikColor.swift in Sources */,
				A4DBACD6260F63E0006B42B7 /* GameViewController+UITableViewDataSource.swift in Sources */,
				A4DBACF3260FDAEA006B42B7 /* UIButton+Theme.swift in Sources */,
				A49B97152474556D007BF29A /* SceneDelegate.swift in Sources */,
				A4BC1CFC26066A24009A2AA0 /* Bundle+URLRetrieval.swift in Sources */,
				A4DBACE8260FD860006B42B7 /* NotificationView.swift in Sources */,
				A49B975C2475C467007BF29A /* GameViewController+GridDelegate.swift in Sources */,
				A4DBACE3260F9778006B42B7 /* GameViewController+MenuDelegate.swift in Sources */,
				A49B975A2475C3EB007BF29A /* Grid+UIGestureRecognizerDelegate.swift in Sources */,
				A4943F8A260BD7B2001D3C0C /* NSLayoutConstraint+Detection.swift in Sources */,
				A4364AD4247DA13300D7AF78 /* Grid+Animation.swift in Sources */,
			);
			runOnlyForDeploymentPostprocessing = 0;
		};
		A49B972124745571007BF29A /* Sources */ = {
			isa = PBXSourcesBuildPhase;
			buildActionMask = 2147483647;
			files = (
				A453CE86261B0F5D0049A6E2 /* HighScoresTest.swift in Sources */,
				A453CEA0261B15DE0049A6E2 /* TestableStorage.swift in Sources */,
				A49B972A24745571007BF29A /* DupeTests.swift in Sources */,
				A453CEAE261B1DB50049A6E2 /* [Int]+OperationsTest.swift in Sources */,
			);
			runOnlyForDeploymentPostprocessing = 0;
		};
		A49B972C24745571007BF29A /* Sources */ = {
			isa = PBXSourcesBuildPhase;
			buildActionMask = 2147483647;
			files = (
				A49B973524745571007BF29A /* DupeUITests.swift in Sources */,
			);
			runOnlyForDeploymentPostprocessing = 0;
		};
/* End PBXSourcesBuildPhase section */

/* Begin PBXTargetDependency section */
		A49B972724745571007BF29A /* PBXTargetDependency */ = {
			isa = PBXTargetDependency;
			target = A49B970E2474556D007BF29A /* Dupe */;
			targetProxy = A49B972624745571007BF29A /* PBXContainerItemProxy */;
		};
		A49B973224745571007BF29A /* PBXTargetDependency */ = {
			isa = PBXTargetDependency;
			target = A49B970E2474556D007BF29A /* Dupe */;
			targetProxy = A49B973124745571007BF29A /* PBXContainerItemProxy */;
		};
/* End PBXTargetDependency section */

/* Begin PBXVariantGroup section */
		A49B97182474556D007BF29A /* Main.storyboard */ = {
			isa = PBXVariantGroup;
			children = (
				A49B97192474556D007BF29A /* Base */,
			);
			name = Main.storyboard;
			sourceTree = "<group>";
		};
		A49B971D24745570007BF29A /* LaunchScreen.storyboard */ = {
			isa = PBXVariantGroup;
			children = (
				A49B971E24745570007BF29A /* Base */,
			);
			name = LaunchScreen.storyboard;
			sourceTree = "<group>";
		};
/* End PBXVariantGroup section */

/* Begin XCBuildConfiguration section */
		A49B973724745571007BF29A /* Debug */ = {
			isa = XCBuildConfiguration;
			buildSettings = {
				ALWAYS_SEARCH_USER_PATHS = NO;
				CLANG_ANALYZER_NONNULL = YES;
				CLANG_ANALYZER_NUMBER_OBJECT_CONVERSION = YES_AGGRESSIVE;
				CLANG_CXX_LANGUAGE_STANDARD = "gnu++14";
				CLANG_CXX_LIBRARY = "libc++";
				CLANG_ENABLE_MODULES = YES;
				CLANG_ENABLE_OBJC_ARC = YES;
				CLANG_ENABLE_OBJC_WEAK = YES;
				CLANG_WARN_BLOCK_CAPTURE_AUTORELEASING = YES;
				CLANG_WARN_BOOL_CONVERSION = YES;
				CLANG_WARN_COMMA = YES;
				CLANG_WARN_CONSTANT_CONVERSION = YES;
				CLANG_WARN_DEPRECATED_OBJC_IMPLEMENTATIONS = YES;
				CLANG_WARN_DIRECT_OBJC_ISA_USAGE = YES_ERROR;
				CLANG_WARN_DOCUMENTATION_COMMENTS = YES;
				CLANG_WARN_EMPTY_BODY = YES;
				CLANG_WARN_ENUM_CONVERSION = YES;
				CLANG_WARN_INFINITE_RECURSION = YES;
				CLANG_WARN_INT_CONVERSION = YES;
				CLANG_WARN_NON_LITERAL_NULL_CONVERSION = YES;
				CLANG_WARN_OBJC_IMPLICIT_RETAIN_SELF = YES;
				CLANG_WARN_OBJC_LITERAL_CONVERSION = YES;
				CLANG_WARN_OBJC_ROOT_CLASS = YES_ERROR;
				CLANG_WARN_QUOTED_INCLUDE_IN_FRAMEWORK_HEADER = YES;
				CLANG_WARN_RANGE_LOOP_ANALYSIS = YES;
				CLANG_WARN_STRICT_PROTOTYPES = YES;
				CLANG_WARN_SUSPICIOUS_MOVE = YES;
				CLANG_WARN_UNGUARDED_AVAILABILITY = YES_AGGRESSIVE;
				CLANG_WARN_UNREACHABLE_CODE = YES;
				CLANG_WARN__DUPLICATE_METHOD_MATCH = YES;
				COPY_PHASE_STRIP = NO;
				DEBUG_INFORMATION_FORMAT = dwarf;
				ENABLE_STRICT_OBJC_MSGSEND = YES;
				ENABLE_TESTABILITY = YES;
				GCC_C_LANGUAGE_STANDARD = gnu11;
				GCC_DYNAMIC_NO_PIC = NO;
				GCC_NO_COMMON_BLOCKS = YES;
				GCC_OPTIMIZATION_LEVEL = 0;
				GCC_PREPROCESSOR_DEFINITIONS = (
					"DEBUG=1",
					"$(inherited)",
				);
				GCC_WARN_64_TO_32_BIT_CONVERSION = YES;
				GCC_WARN_ABOUT_RETURN_TYPE = YES_ERROR;
				GCC_WARN_UNDECLARED_SELECTOR = YES;
				GCC_WARN_UNINITIALIZED_AUTOS = YES_AGGRESSIVE;
				GCC_WARN_UNUSED_FUNCTION = YES;
				GCC_WARN_UNUSED_VARIABLE = YES;
				IPHONEOS_DEPLOYMENT_TARGET = 13.0;
				MTL_ENABLE_DEBUG_INFO = INCLUDE_SOURCE;
				MTL_FAST_MATH = YES;
				ONLY_ACTIVE_ARCH = YES;
				SDKROOT = iphoneos;
				SWIFT_ACTIVE_COMPILATION_CONDITIONS = DEBUG;
				SWIFT_OPTIMIZATION_LEVEL = "-Onone";
			};
			name = Debug;
		};
		A49B973824745571007BF29A /* Release */ = {
			isa = XCBuildConfiguration;
			buildSettings = {
				ALWAYS_SEARCH_USER_PATHS = NO;
				CLANG_ANALYZER_NONNULL = YES;
				CLANG_ANALYZER_NUMBER_OBJECT_CONVERSION = YES_AGGRESSIVE;
				CLANG_CXX_LANGUAGE_STANDARD = "gnu++14";
				CLANG_CXX_LIBRARY = "libc++";
				CLANG_ENABLE_MODULES = YES;
				CLANG_ENABLE_OBJC_ARC = YES;
				CLANG_ENABLE_OBJC_WEAK = YES;
				CLANG_WARN_BLOCK_CAPTURE_AUTORELEASING = YES;
				CLANG_WARN_BOOL_CONVERSION = YES;
				CLANG_WARN_COMMA = YES;
				CLANG_WARN_CONSTANT_CONVERSION = YES;
				CLANG_WARN_DEPRECATED_OBJC_IMPLEMENTATIONS = YES;
				CLANG_WARN_DIRECT_OBJC_ISA_USAGE = YES_ERROR;
				CLANG_WARN_DOCUMENTATION_COMMENTS = YES;
				CLANG_WARN_EMPTY_BODY = YES;
				CLANG_WARN_ENUM_CONVERSION = YES;
				CLANG_WARN_INFINITE_RECURSION = YES;
				CLANG_WARN_INT_CONVERSION = YES;
				CLANG_WARN_NON_LITERAL_NULL_CONVERSION = YES;
				CLANG_WARN_OBJC_IMPLICIT_RETAIN_SELF = YES;
				CLANG_WARN_OBJC_LITERAL_CONVERSION = YES;
				CLANG_WARN_OBJC_ROOT_CLASS = YES_ERROR;
				CLANG_WARN_QUOTED_INCLUDE_IN_FRAMEWORK_HEADER = YES;
				CLANG_WARN_RANGE_LOOP_ANALYSIS = YES;
				CLANG_WARN_STRICT_PROTOTYPES = YES;
				CLANG_WARN_SUSPICIOUS_MOVE = YES;
				CLANG_WARN_UNGUARDED_AVAILABILITY = YES_AGGRESSIVE;
				CLANG_WARN_UNREACHABLE_CODE = YES;
				CLANG_WARN__DUPLICATE_METHOD_MATCH = YES;
				COPY_PHASE_STRIP = NO;
				DEBUG_INFORMATION_FORMAT = "dwarf-with-dsym";
				ENABLE_NS_ASSERTIONS = NO;
				ENABLE_STRICT_OBJC_MSGSEND = YES;
				GCC_C_LANGUAGE_STANDARD = gnu11;
				GCC_NO_COMMON_BLOCKS = YES;
				GCC_WARN_64_TO_32_BIT_CONVERSION = YES;
				GCC_WARN_ABOUT_RETURN_TYPE = YES_ERROR;
				GCC_WARN_UNDECLARED_SELECTOR = YES;
				GCC_WARN_UNINITIALIZED_AUTOS = YES_AGGRESSIVE;
				GCC_WARN_UNUSED_FUNCTION = YES;
				GCC_WARN_UNUSED_VARIABLE = YES;
				IPHONEOS_DEPLOYMENT_TARGET = 13.0;
				MTL_ENABLE_DEBUG_INFO = NO;
				MTL_FAST_MATH = YES;
				SDKROOT = iphoneos;
				SWIFT_COMPILATION_MODE = wholemodule;
				SWIFT_OPTIMIZATION_LEVEL = "-O";
				VALIDATE_PRODUCT = YES;
			};
			name = Release;
		};
		A49B973A24745571007BF29A /* Debug */ = {
			isa = XCBuildConfiguration;
			baseConfigurationReference = 5EF8CB437FB7A28B7213E0E5 /* Pods-Dupe.debug.xcconfig */;
			buildSettings = {
				ASSETCATALOG_COMPILER_APPICON_NAME = AppIcon;
				CODE_SIGN_STYLE = Automatic;
				DEVELOPMENT_TEAM = AM2B2PG72W;
				INFOPLIST_FILE = Dupe/Resources/Info.plist;
				LD_RUNPATH_SEARCH_PATHS = (
					"$(inherited)",
					"@executable_path/Frameworks",
				);
				PRODUCT_BUNDLE_IDENTIFIER = cosmic.Dupe;
				PRODUCT_NAME = "$(TARGET_NAME)";
				SWIFT_VERSION = 5.0;
				TARGETED_DEVICE_FAMILY = "1,2";
			};
			name = Debug;
		};
		A49B973B24745571007BF29A /* Release */ = {
			isa = XCBuildConfiguration;
			baseConfigurationReference = 2A4B5DF801F1DFAD76F0E965 /* Pods-Dupe.release.xcconfig */;
			buildSettings = {
				ASSETCATALOG_COMPILER_APPICON_NAME = AppIcon;
				CODE_SIGN_STYLE = Automatic;
				DEVELOPMENT_TEAM = AM2B2PG72W;
				INFOPLIST_FILE = Dupe/Resources/Info.plist;
				LD_RUNPATH_SEARCH_PATHS = (
					"$(inherited)",
					"@executable_path/Frameworks",
				);
				PRODUCT_BUNDLE_IDENTIFIER = cosmic.Dupe;
				PRODUCT_NAME = "$(TARGET_NAME)";
				SWIFT_VERSION = 5.0;
				TARGETED_DEVICE_FAMILY = "1,2";
			};
			name = Release;
		};
		A49B973D24745571007BF29A /* Debug */ = {
			isa = XCBuildConfiguration;
			baseConfigurationReference = F8E299E850DF0471388E8494 /* Pods-DupeTests.debug.xcconfig */;
			buildSettings = {
				ALWAYS_EMBED_SWIFT_STANDARD_LIBRARIES = YES;
				BUNDLE_LOADER = "$(TEST_HOST)";
				CODE_SIGN_STYLE = Automatic;
				DEVELOPMENT_TEAM = AM2B2PG72W;
				INFOPLIST_FILE = DupeTests/Info.plist;
				IPHONEOS_DEPLOYMENT_TARGET = 13.4;
				LD_RUNPATH_SEARCH_PATHS = (
					"$(inherited)",
					"@executable_path/Frameworks",
					"@loader_path/Frameworks",
				);
				PRODUCT_BUNDLE_IDENTIFIER = cosmic.DupeTests;
				PRODUCT_NAME = "$(TARGET_NAME)";
				SWIFT_VERSION = 5.0;
				TARGETED_DEVICE_FAMILY = "1,2";
				TEST_HOST = "$(BUILT_PRODUCTS_DIR)/Dupe.app/Dupe";
			};
			name = Debug;
		};
		A49B973E24745571007BF29A /* Release */ = {
			isa = XCBuildConfiguration;
			baseConfigurationReference = A2D42845810FDEE5A010FCD2 /* Pods-DupeTests.release.xcconfig */;
			buildSettings = {
				ALWAYS_EMBED_SWIFT_STANDARD_LIBRARIES = YES;
				BUNDLE_LOADER = "$(TEST_HOST)";
				CODE_SIGN_STYLE = Automatic;
				DEVELOPMENT_TEAM = AM2B2PG72W;
				INFOPLIST_FILE = DupeTests/Info.plist;
				IPHONEOS_DEPLOYMENT_TARGET = 13.4;
				LD_RUNPATH_SEARCH_PATHS = (
					"$(inherited)",
					"@executable_path/Frameworks",
					"@loader_path/Frameworks",
				);
				PRODUCT_BUNDLE_IDENTIFIER = cosmic.DupeTests;
				PRODUCT_NAME = "$(TARGET_NAME)";
				SWIFT_VERSION = 5.0;
				TARGETED_DEVICE_FAMILY = "1,2";
				TEST_HOST = "$(BUILT_PRODUCTS_DIR)/Dupe.app/Dupe";
			};
			name = Release;
		};
		A49B974024745571007BF29A /* Debug */ = {
			isa = XCBuildConfiguration;
			baseConfigurationReference = A133EF5B81C3ED19EDEFD0DA /* Pods-Dupe-DupeUITests.debug.xcconfig */;
			buildSettings = {
				ALWAYS_EMBED_SWIFT_STANDARD_LIBRARIES = YES;
				CODE_SIGN_STYLE = Automatic;
				DEVELOPMENT_TEAM = AM2B2PG72W;
				INFOPLIST_FILE = DupeUITests/Info.plist;
				LD_RUNPATH_SEARCH_PATHS = (
					"$(inherited)",
					"@executable_path/Frameworks",
					"@loader_path/Frameworks",
				);
				PRODUCT_BUNDLE_IDENTIFIER = cosmic.DupeUITests;
				PRODUCT_NAME = "$(TARGET_NAME)";
				SWIFT_VERSION = 5.0;
				TARGETED_DEVICE_FAMILY = "1,2";
				TEST_TARGET_NAME = Dupe;
			};
			name = Debug;
		};
		A49B974124745571007BF29A /* Release */ = {
			isa = XCBuildConfiguration;
			baseConfigurationReference = 78E4019BB3EE266E9B8DBC55 /* Pods-Dupe-DupeUITests.release.xcconfig */;
			buildSettings = {
				ALWAYS_EMBED_SWIFT_STANDARD_LIBRARIES = YES;
				CODE_SIGN_STYLE = Automatic;
				DEVELOPMENT_TEAM = AM2B2PG72W;
				INFOPLIST_FILE = DupeUITests/Info.plist;
				LD_RUNPATH_SEARCH_PATHS = (
					"$(inherited)",
					"@executable_path/Frameworks",
					"@loader_path/Frameworks",
				);
				PRODUCT_BUNDLE_IDENTIFIER = cosmic.DupeUITests;
				PRODUCT_NAME = "$(TARGET_NAME)";
				SWIFT_VERSION = 5.0;
				TARGETED_DEVICE_FAMILY = "1,2";
				TEST_TARGET_NAME = Dupe;
			};
			name = Release;
		};
/* End XCBuildConfiguration section */

/* Begin XCConfigurationList section */
		A49B970A2474556D007BF29A /* Build configuration list for PBXProject "Dupe" */ = {
			isa = XCConfigurationList;
			buildConfigurations = (
				A49B973724745571007BF29A /* Debug */,
				A49B973824745571007BF29A /* Release */,
			);
			defaultConfigurationIsVisible = 0;
			defaultConfigurationName = Release;
		};
		A49B973924745571007BF29A /* Build configuration list for PBXNativeTarget "Dupe" */ = {
			isa = XCConfigurationList;
			buildConfigurations = (
				A49B973A24745571007BF29A /* Debug */,
				A49B973B24745571007BF29A /* Release */,
			);
			defaultConfigurationIsVisible = 0;
			defaultConfigurationName = Release;
		};
		A49B973C24745571007BF29A /* Build configuration list for PBXNativeTarget "DupeTests" */ = {
			isa = XCConfigurationList;
			buildConfigurations = (
				A49B973D24745571007BF29A /* Debug */,
				A49B973E24745571007BF29A /* Release */,
			);
			defaultConfigurationIsVisible = 0;
			defaultConfigurationName = Release;
		};
		A49B973F24745571007BF29A /* Build configuration list for PBXNativeTarget "DupeUITests" */ = {
			isa = XCConfigurationList;
			buildConfigurations = (
				A49B974024745571007BF29A /* Debug */,
				A49B974124745571007BF29A /* Release */,
			);
			defaultConfigurationIsVisible = 0;
			defaultConfigurationName = Release;
		};
/* End XCConfigurationList section */
	};
	rootObject = A49B97072474556D007BF29A /* Project object */;
}
